// !$*UTF8*$!
{
	archiveVersion = 1;
	classes = {
	};
	objectVersion = 46;
	objects = {

/* Begin PBXBuildFile section */
		70AC2A5C1A38A1BC00D2193B /* AppDelegate.swift in Sources */ = {isa = PBXBuildFile; fileRef = 70AC2A5B1A38A1BC00D2193B /* AppDelegate.swift */; };
		70AC2A5F1A38A1BC00D2193B /* TestAutoLayout3.xcdatamodeld in Sources */ = {isa = PBXBuildFile; fileRef = 70AC2A5D1A38A1BC00D2193B /* TestAutoLayout3.xcdatamodeld */; };
		70AC2A611A38A1BC00D2193B /* ViewController.swift in Sources */ = {isa = PBXBuildFile; fileRef = 70AC2A601A38A1BC00D2193B /* ViewController.swift */; };
		70AC2A641A38A1BC00D2193B /* Main.storyboard in Resources */ = {isa = PBXBuildFile; fileRef = 70AC2A621A38A1BC00D2193B /* Main.storyboard */; };
		70AC2A661A38A1BC00D2193B /* Images.xcassets in Resources */ = {isa = PBXBuildFile; fileRef = 70AC2A651A38A1BC00D2193B /* Images.xcassets */; };
		70AC2A691A38A1BC00D2193B /* LaunchScreen.xib in Resources */ = {isa = PBXBuildFile; fileRef = 70AC2A671A38A1BC00D2193B /* LaunchScreen.xib */; };
		70AC2A751A38A1BC00D2193B /* TestAutoLayout3Tests.swift in Sources */ = {isa = PBXBuildFile; fileRef = 70AC2A741A38A1BC00D2193B /* TestAutoLayout3Tests.swift */; };
		70AC2A7F1A39CA5B00D2193B /* TableViewController.swift in Sources */ = {isa = PBXBuildFile; fileRef = 70AC2A7E1A39CA5B00D2193B /* TableViewController.swift */; };
		70AC2A821A39CDA800D2193B /* TableView.swift in Sources */ = {isa = PBXBuildFile; fileRef = 70AC2A811A39CDA800D2193B /* TableView.swift */; };
		70AC2A841A39CDC700D2193B /* TableViewCells.swift in Sources */ = {isa = PBXBuildFile; fileRef = 70AC2A831A39CDC700D2193B /* TableViewCells.swift */; };
		70AC2A8B1A39F5CF00D2193B /* PicturesModel.swift in Sources */ = {isa = PBXBuildFile; fileRef = 70AC2A8A1A39F5CF00D2193B /* PicturesModel.swift */; };
		70AC2A901A3AF48D00D2193B /* DetailsViewController.swift in Sources */ = {isa = PBXBuildFile; fileRef = 70AC2A8F1A3AF48D00D2193B /* DetailsViewController.swift */; };
		70AC2A931A3B1BF000D2193B /* Picture.m in Sources */ = {isa = PBXBuildFile; fileRef = 70AC2A921A3B1BF000D2193B /* Picture.m */; };
/* End PBXBuildFile section */

/* Begin PBXContainerItemProxy section */
		70AC2A6F1A38A1BC00D2193B /* PBXContainerItemProxy */ = {
			isa = PBXContainerItemProxy;
			containerPortal = 70AC2A4E1A38A1BC00D2193B /* Project object */;
			proxyType = 1;
			remoteGlobalIDString = 70AC2A551A38A1BC00D2193B;
			remoteInfo = TestAutoLayout3;
		};
/* End PBXContainerItemProxy section */

/* Begin PBXFileReference section */
		70AC2A561A38A1BC00D2193B /* TestAutoLayout3.app */ = {isa = PBXFileReference; explicitFileType = wrapper.application; includeInIndex = 0; path = TestAutoLayout3.app; sourceTree = BUILT_PRODUCTS_DIR; };
		70AC2A5A1A38A1BC00D2193B /* Info.plist */ = {isa = PBXFileReference; lastKnownFileType = text.plist.xml; path = Info.plist; sourceTree = "<group>"; };
		70AC2A5B1A38A1BC00D2193B /* AppDelegate.swift */ = {isa = PBXFileReference; lastKnownFileType = sourcecode.swift; path = AppDelegate.swift; sourceTree = "<group>"; };
		70AC2A5E1A38A1BC00D2193B /* TestAutoLayout3.xcdatamodel */ = {isa = PBXFileReference; lastKnownFileType = wrapper.xcdatamodel; path = TestAutoLayout3.xcdatamodel; sourceTree = "<group>"; };
		70AC2A601A38A1BC00D2193B /* ViewController.swift */ = {isa = PBXFileReference; lastKnownFileType = sourcecode.swift; path = ViewController.swift; sourceTree = "<group>"; };
		70AC2A631A38A1BC00D2193B /* Base */ = {isa = PBXFileReference; lastKnownFileType = file.storyboard; name = Base; path = Base.lproj/Main.storyboard; sourceTree = "<group>"; };
		70AC2A651A38A1BC00D2193B /* Images.xcassets */ = {isa = PBXFileReference; lastKnownFileType = folder.assetcatalog; path = Images.xcassets; sourceTree = "<group>"; };
		70AC2A681A38A1BC00D2193B /* Base */ = {isa = PBXFileReference; lastKnownFileType = file.xib; name = Base; path = Base.lproj/LaunchScreen.xib; sourceTree = "<group>"; };
		70AC2A6E1A38A1BC00D2193B /* TestAutoLayout3Tests.xctest */ = {isa = PBXFileReference; explicitFileType = wrapper.cfbundle; includeInIndex = 0; path = TestAutoLayout3Tests.xctest; sourceTree = BUILT_PRODUCTS_DIR; };
		70AC2A731A38A1BC00D2193B /* Info.plist */ = {isa = PBXFileReference; lastKnownFileType = text.plist.xml; path = Info.plist; sourceTree = "<group>"; };
		70AC2A741A38A1BC00D2193B /* TestAutoLayout3Tests.swift */ = {isa = PBXFileReference; lastKnownFileType = sourcecode.swift; path = TestAutoLayout3Tests.swift; sourceTree = "<group>"; };
		70AC2A7E1A39CA5B00D2193B /* TableViewController.swift */ = {isa = PBXFileReference; fileEncoding = 4; lastKnownFileType = sourcecode.swift; path = TableViewController.swift; sourceTree = "<group>"; };
		70AC2A811A39CDA800D2193B /* TableView.swift */ = {isa = PBXFileReference; fileEncoding = 4; lastKnownFileType = sourcecode.swift; path = TableView.swift; sourceTree = "<group>"; };
		70AC2A831A39CDC700D2193B /* TableViewCells.swift */ = {isa = PBXFileReference; fileEncoding = 4; lastKnownFileType = sourcecode.swift; path = TableViewCells.swift; sourceTree = "<group>"; };
		70AC2A851A39F56100D2193B /* TestAutoLayout3-Bridging-Header.h */ = {isa = PBXFileReference; lastKnownFileType = sourcecode.c.h; path = "TestAutoLayout3-Bridging-Header.h"; sourceTree = "<group>"; };
		70AC2A8A1A39F5CF00D2193B /* PicturesModel.swift */ = {isa = PBXFileReference; fileEncoding = 4; lastKnownFileType = sourcecode.swift; path = PicturesModel.swift; sourceTree = "<group>"; };
		70AC2A8F1A3AF48D00D2193B /* DetailsViewController.swift */ = {isa = PBXFileReference; fileEncoding = 4; lastKnownFileType = sourcecode.swift; path = DetailsViewController.swift; sourceTree = "<group>"; };
		70AC2A911A3B1BF000D2193B /* Picture.h */ = {isa = PBXFileReference; fileEncoding = 4; lastKnownFileType = sourcecode.c.h; path = Picture.h; sourceTree = "<group>"; };
		70AC2A921A3B1BF000D2193B /* Picture.m */ = {isa = PBXFileReference; fileEncoding = 4; lastKnownFileType = sourcecode.c.objc; path = Picture.m; sourceTree = "<group>"; };
/* End PBXFileReference section */

/* Begin PBXFrameworksBuildPhase section */
		70AC2A531A38A1BC00D2193B /* Frameworks */ = {
			isa = PBXFrameworksBuildPhase;
			buildActionMask = 2147483647;
			files = (
			);
			runOnlyForDeploymentPostprocessing = 0;
		};
		70AC2A6B1A38A1BC00D2193B /* Frameworks */ = {
			isa = PBXFrameworksBuildPhase;
			buildActionMask = 2147483647;
			files = (
			);
			runOnlyForDeploymentPostprocessing = 0;
		};
/* End PBXFrameworksBuildPhase section */

/* Begin PBXGroup section */
		70AC2A4D1A38A1BC00D2193B = {
			isa = PBXGroup;
			children = (
				70AC2A581A38A1BC00D2193B /* TestAutoLayout3 */,
				70AC2A711A38A1BC00D2193B /* TestAutoLayout3Tests */,
				70AC2A571A38A1BC00D2193B /* Products */,
			);
			sourceTree = "<group>";
		};
		70AC2A571A38A1BC00D2193B /* Products */ = {
			isa = PBXGroup;
			children = (
				70AC2A561A38A1BC00D2193B /* TestAutoLayout3.app */,
				70AC2A6E1A38A1BC00D2193B /* TestAutoLayout3Tests.xctest */,
			);
			name = Products;
			sourceTree = "<group>";
		};
		70AC2A581A38A1BC00D2193B /* TestAutoLayout3 */ = {
			isa = PBXGroup;
			children = (
				70AC2A891A39F56D00D2193B /* Models */,
				70AC2A801A39CD5700D2193B /* Table */,
				70AC2A5B1A38A1BC00D2193B /* AppDelegate.swift */,
				70AC2A601A38A1BC00D2193B /* ViewController.swift */,
				70AC2A621A38A1BC00D2193B /* Main.storyboard */,
				70AC2A651A38A1BC00D2193B /* Images.xcassets */,
				70AC2A671A38A1BC00D2193B /* LaunchScreen.xib */,
				70AC2A591A38A1BC00D2193B /* Supporting Files */,
				70AC2A851A39F56100D2193B /* TestAutoLayout3-Bridging-Header.h */,
			);
			path = TestAutoLayout3;
			sourceTree = "<group>";
		};
		70AC2A591A38A1BC00D2193B /* Supporting Files */ = {
			isa = PBXGroup;
			children = (
				70AC2A5A1A38A1BC00D2193B /* Info.plist */,
			);
			name = "Supporting Files";
			sourceTree = "<group>";
		};
		70AC2A711A38A1BC00D2193B /* TestAutoLayout3Tests */ = {
			isa = PBXGroup;
			children = (
				70AC2A741A38A1BC00D2193B /* TestAutoLayout3Tests.swift */,
				70AC2A721A38A1BC00D2193B /* Supporting Files */,
			);
			path = TestAutoLayout3Tests;
			sourceTree = "<group>";
		};
		70AC2A721A38A1BC00D2193B /* Supporting Files */ = {
			isa = PBXGroup;
			children = (
				70AC2A731A38A1BC00D2193B /* Info.plist */,
			);
			name = "Supporting Files";
			sourceTree = "<group>";
		};
		70AC2A801A39CD5700D2193B /* Table */ = {
			isa = PBXGroup;
			children = (
				70AC2A7E1A39CA5B00D2193B /* TableViewController.swift */,
				70AC2A811A39CDA800D2193B /* TableView.swift */,
				70AC2A831A39CDC700D2193B /* TableViewCells.swift */,
				70AC2A8F1A3AF48D00D2193B /* DetailsViewController.swift */,
			);
			name = Table;
			sourceTree = "<group>";
		};
		70AC2A891A39F56D00D2193B /* Models */ = {
			isa = PBXGroup;
			children = (
				70AC2A5D1A38A1BC00D2193B /* TestAutoLayout3.xcdatamodeld */,
				70AC2A8A1A39F5CF00D2193B /* PicturesModel.swift */,
				70AC2A911A3B1BF000D2193B /* Picture.h */,
				70AC2A921A3B1BF000D2193B /* Picture.m */,
			);
			name = Models;
			sourceTree = "<group>";
		};
/* End PBXGroup section */

/* Begin PBXNativeTarget section */
		70AC2A551A38A1BC00D2193B /* TestAutoLayout3 */ = {
			isa = PBXNativeTarget;
			buildConfigurationList = 70AC2A781A38A1BC00D2193B /* Build configuration list for PBXNativeTarget "TestAutoLayout3" */;
			buildPhases = (
				70AC2A521A38A1BC00D2193B /* Sources */,
				70AC2A531A38A1BC00D2193B /* Frameworks */,
				70AC2A541A38A1BC00D2193B /* Resources */,
			);
			buildRules = (
			);
			dependencies = (
			);
			name = TestAutoLayout3;
			productName = TestAutoLayout3;
			productReference = 70AC2A561A38A1BC00D2193B /* TestAutoLayout3.app */;
			productType = "com.apple.product-type.application";
		};
		70AC2A6D1A38A1BC00D2193B /* TestAutoLayout3Tests */ = {
			isa = PBXNativeTarget;
			buildConfigurationList = 70AC2A7B1A38A1BC00D2193B /* Build configuration list for PBXNativeTarget "TestAutoLayout3Tests" */;
			buildPhases = (
				70AC2A6A1A38A1BC00D2193B /* Sources */,
				70AC2A6B1A38A1BC00D2193B /* Frameworks */,
				70AC2A6C1A38A1BC00D2193B /* Resources */,
			);
			buildRules = (
			);
			dependencies = (
				70AC2A701A38A1BC00D2193B /* PBXTargetDependency */,
			);
			name = TestAutoLayout3Tests;
			productName = TestAutoLayout3Tests;
			productReference = 70AC2A6E1A38A1BC00D2193B /* TestAutoLayout3Tests.xctest */;
			productType = "com.apple.product-type.bundle.unit-test";
		};
/* End PBXNativeTarget section */

/* Begin PBXProject section */
		70AC2A4E1A38A1BC00D2193B /* Project object */ = {
			isa = PBXProject;
			attributes = {
				LastUpgradeCheck = 0610;
				ORGANIZATIONNAME = mobidevM199;
				TargetAttributes = {
					70AC2A551A38A1BC00D2193B = {
						CreatedOnToolsVersion = 6.1.1;
					};
					70AC2A6D1A38A1BC00D2193B = {
						CreatedOnToolsVersion = 6.1.1;
						TestTargetID = 70AC2A551A38A1BC00D2193B;
					};
				};
			};
			buildConfigurationList = 70AC2A511A38A1BC00D2193B /* Build configuration list for PBXProject "TestAutoLayout3" */;
			compatibilityVersion = "Xcode 3.2";
			developmentRegion = English;
			hasScannedForEncodings = 0;
			knownRegions = (
				en,
				Base,
			);
			mainGroup = 70AC2A4D1A38A1BC00D2193B;
			productRefGroup = 70AC2A571A38A1BC00D2193B /* Products */;
			projectDirPath = "";
			projectRoot = "";
			targets = (
				70AC2A551A38A1BC00D2193B /* TestAutoLayout3 */,
				70AC2A6D1A38A1BC00D2193B /* TestAutoLayout3Tests */,
			);
		};
/* End PBXProject section */

/* Begin PBXResourcesBuildPhase section */
		70AC2A541A38A1BC00D2193B /* Resources */ = {
			isa = PBXResourcesBuildPhase;
			buildActionMask = 2147483647;
			files = (
				70AC2A641A38A1BC00D2193B /* Main.storyboard in Resources */,
				70AC2A691A38A1BC00D2193B /* LaunchScreen.xib in Resources */,
				70AC2A661A38A1BC00D2193B /* Images.xcassets in Resources */,
			);
			runOnlyForDeploymentPostprocessing = 0;
		};
		70AC2A6C1A38A1BC00D2193B /* Resources */ = {
			isa = PBXResourcesBuildPhase;
			buildActionMask = 2147483647;
			files = (
			);
			runOnlyForDeploymentPostprocessing = 0;
		};
/* End PBXResourcesBuildPhase section */

/* Begin PBXSourcesBuildPhase section */
		70AC2A521A38A1BC00D2193B /* Sources */ = {
			isa = PBXSourcesBuildPhase;
			buildActionMask = 2147483647;
			files = (
				70AC2A611A38A1BC00D2193B /* ViewController.swift in Sources */,
				70AC2A901A3AF48D00D2193B /* DetailsViewController.swift in Sources */,
				70AC2A841A39CDC700D2193B /* TableViewCells.swift in Sources */,
				70AC2A931A3B1BF000D2193B /* Picture.m in Sources */,
				70AC2A821A39CDA800D2193B /* TableView.swift in Sources */,
				70AC2A5F1A38A1BC00D2193B /* TestAutoLayout3.xcdatamodeld in Sources */,
				70AC2A5C1A38A1BC00D2193B /* AppDelegate.swift in Sources */,
				70AC2A8B1A39F5CF00D2193B /* PicturesModel.swift in Sources */,
				70AC2A7F1A39CA5B00D2193B /* TableViewController.swift in Sources */,
			);
			runOnlyForDeploymentPostprocessing = 0;
		};
		70AC2A6A1A38A1BC00D2193B /* Sources */ = {
			isa = PBXSourcesBuildPhase;
			buildActionMask = 2147483647;
			files = (
				70AC2A751A38A1BC00D2193B /* TestAutoLayout3Tests.swift in Sources */,
			);
			runOnlyForDeploymentPostprocessing = 0;
		};
/* End PBXSourcesBuildPhase section */

/* Begin PBXTargetDependency section */
		70AC2A701A38A1BC00D2193B /* PBXTargetDependency */ = {
			isa = PBXTargetDependency;
			target = 70AC2A551A38A1BC00D2193B /* TestAutoLayout3 */;
			targetProxy = 70AC2A6F1A38A1BC00D2193B /* PBXContainerItemProxy */;
		};
/* End PBXTargetDependency section */

/* Begin PBXVariantGroup section */
		70AC2A621A38A1BC00D2193B /* Main.storyboard */ = {
			isa = PBXVariantGroup;
			children = (
				70AC2A631A38A1BC00D2193B /* Base */,
			);
			name = Main.storyboard;
			sourceTree = "<group>";
		};
		70AC2A671A38A1BC00D2193B /* LaunchScreen.xib */ = {
			isa = PBXVariantGroup;
			children = (
				70AC2A681A38A1BC00D2193B /* Base */,
			);
			name = LaunchScreen.xib;
			sourceTree = "<group>";
		};
/* End PBXVariantGroup section */

/* Begin XCBuildConfiguration section */
		70AC2A761A38A1BC00D2193B /* Debug */ = {
			isa = XCBuildConfiguration;
			buildSettings = {
				ALWAYS_SEARCH_USER_PATHS = NO;
				CLANG_CXX_LANGUAGE_STANDARD = "gnu++0x";
				CLANG_CXX_LIBRARY = "libc++";
				CLANG_ENABLE_MODULES = YES;
				CLANG_ENABLE_OBJC_ARC = YES;
				CLANG_WARN_BOOL_CONVERSION = YES;
				CLANG_WARN_CONSTANT_CONVERSION = YES;
				CLANG_WARN_DIRECT_OBJC_ISA_USAGE = YES_ERROR;
				CLANG_WARN_EMPTY_BODY = YES;
				CLANG_WARN_ENUM_CONVERSION = YES;
				CLANG_WARN_INT_CONVERSION = YES;
				CLANG_WARN_OBJC_ROOT_CLASS = YES_ERROR;
				CLANG_WARN_UNREACHABLE_CODE = YES;
				CLANG_WARN__DUPLICATE_METHOD_MATCH = YES;
				"CODE_SIGN_IDENTITY[sdk=iphoneos*]" = "iPhone Developer";
				COPY_PHASE_STRIP = NO;
				ENABLE_STRICT_OBJC_MSGSEND = YES;
				GCC_C_LANGUAGE_STANDARD = gnu99;
				GCC_DYNAMIC_NO_PIC = NO;
				GCC_OPTIMIZATION_LEVEL = 0;
				GCC_PREPROCESSOR_DEFINITIONS = (
					"DEBUG=1",
					"$(inherited)",
				);
				GCC_SYMBOLS_PRIVATE_EXTERN = NO;
				GCC_WARN_64_TO_32_BIT_CONVERSION = YES;
				GCC_WARN_ABOUT_RETURN_TYPE = YES_ERROR;
				GCC_WARN_UNDECLARED_SELECTOR = YES;
				GCC_WARN_UNINITIALIZED_AUTOS = YES_AGGRESSIVE;
				GCC_WARN_UNUSED_FUNCTION = YES;
				GCC_WARN_UNUSED_VARIABLE = YES;
				IPHONEOS_DEPLOYMENT_TARGET = 8.1;
				MTL_ENABLE_DEBUG_INFO = YES;
				ONLY_ACTIVE_ARCH = YES;
				SDKROOT = iphoneos;
				SWIFT_OPTIMIZATION_LEVEL = "-Onone";
			};
			name = Debug;
		};
		70AC2A771A38A1BC00D2193B /* Release */ = {
			isa = XCBuildConfiguration;
			buildSettings = {
				ALWAYS_SEARCH_USER_PATHS = NO;
				CLANG_CXX_LANGUAGE_STANDARD = "gnu++0x";
				CLANG_CXX_LIBRARY = "libc++";
				CLANG_ENABLE_MODULES = YES;
				CLANG_ENABLE_OBJC_ARC = YES;
				CLANG_WARN_BOOL_CONVERSION = YES;
				CLANG_WARN_CONSTANT_CONVERSION = YES;
				CLANG_WARN_DIRECT_OBJC_ISA_USAGE = YES_ERROR;
				CLANG_WARN_EMPTY_BODY = YES;
				CLANG_WARN_ENUM_CONVERSION = YES;
				CLANG_WARN_INT_CONVERSION = YES;
				CLANG_WARN_OBJC_ROOT_CLASS = YES_ERROR;
				CLANG_WARN_UNREACHABLE_CODE = YES;
				CLANG_WARN__DUPLICATE_METHOD_MATCH = YES;
				"CODE_SIGN_IDENTITY[sdk=iphoneos*]" = "iPhone Developer";
				COPY_PHASE_STRIP = YES;
				ENABLE_NS_ASSERTIONS = NO;
				ENABLE_STRICT_OBJC_MSGSEND = YES;
				GCC_C_LANGUAGE_STANDARD = gnu99;
				GCC_WARN_64_TO_32_BIT_CONVERSION = YES;
				GCC_WARN_ABOUT_RETURN_TYPE = YES_ERROR;
				GCC_WARN_UNDECLARED_SELECTOR = YES;
				GCC_WARN_UNINITIALIZED_AUTOS = YES_AGGRESSIVE;
				GCC_WARN_UNUSED_FUNCTION = YES;
				GCC_WARN_UNUSED_VARIABLE = YES;
				IPHONEOS_DEPLOYMENT_TARGET = 8.1;
				MTL_ENABLE_DEBUG_INFO = NO;
				SDKROOT = iphoneos;
				VALIDATE_PRODUCT = YES;
			};
			name = Release;
		};
		70AC2A791A38A1BC00D2193B /* Debug */ = {
			isa = XCBuildConfiguration;
			buildSettings = {
				ASSETCATALOG_COMPILER_APPICON_NAME = AppIcon;
				CLANG_ENABLE_MODULES = YES;
				INFOPLIST_FILE = TestAutoLayout3/Info.plist;
				LD_RUNPATH_SEARCH_PATHS = "$(inherited) @executable_path/Frameworks";
				PRODUCT_NAME = "$(TARGET_NAME)";
				SWIFT_OBJC_BRIDGING_HEADER = "TestAutoLayout3/TestAutoLayout3-Bridging-Header.h";
				SWIFT_OPTIMIZATION_LEVEL = "-Onone";
			};
			name = Debug;
		};
		70AC2A7A1A38A1BC00D2193B /* Release */ = {
			isa = XCBuildConfiguration;
			buildSettings = {
				ASSETCATALOG_COMPILER_APPICON_NAME = AppIcon;
				CLANG_ENABLE_MODULES = YES;
				INFOPLIST_FILE = TestAutoLayout3/Info.plist;
				LD_RUNPATH_SEARCH_PATHS = "$(inherited) @executable_path/Frameworks";
				PRODUCT_NAME = "$(TARGET_NAME)";
				SWIFT_OBJC_BRIDGING_HEADER = "TestAutoLayout3/TestAutoLayout3-Bridging-Header.h";
			};
			name = Release;
		};
		70AC2A7C1A38A1BC00D2193B /* Debug */ = {
			isa = XCBuildConfiguration;
			buildSettings = {
				BUNDLE_LOADER = "$(TEST_HOST)";
				FRAMEWORK_SEARCH_PATHS = (
					"$(SDKROOT)/Developer/Library/Frameworks",
					"$(inherited)",
				);
				GCC_PREPROCESSOR_DEFINITIONS = (
					"DEBUG=1",
					"$(inherited)",
				);
				INFOPLIST_FILE = TestAutoLayout3Tests/Info.plist;
				LD_RUNPATH_SEARCH_PATHS = "$(inherited) @executable_path/Frameworks @loader_path/Frameworks";
				PRODUCT_NAME = "$(TARGET_NAME)";
				TEST_HOST = "$(BUILT_PRODUCTS_DIR)/TestAutoLayout3.app/TestAutoLayout3";
			};
			name = Debug;
		};
		70AC2A7D1A38A1BC00D2193B /* Release */ = {
			isa = XCBuildConfiguration;
			buildSettings = {
				BUNDLE_LOADER = "$(TEST_HOST)";
				FRAMEWORK_SEARCH_PATHS = (
					"$(SDKROOT)/Developer/Library/Frameworks",
					"$(inherited)",
				);
				INFOPLIST_FILE = TestAutoLayout3Tests/Info.plist;
				LD_RUNPATH_SEARCH_PATHS = "$(inherited) @executable_path/Frameworks @loader_path/Frameworks";
				PRODUCT_NAME = "$(TARGET_NAME)";
				TEST_HOST = "$(BUILT_PRODUCTS_DIR)/TestAutoLayout3.app/TestAutoLayout3";
			};
			name = Release;
		};
/* End XCBuildConfiguration section */

/* Begin XCConfigurationList section */
		70AC2A511A38A1BC00D2193B /* Build configuration list for PBXProject "TestAutoLayout3" */ = {
			isa = XCConfigurationList;
			buildConfigurations = (
				70AC2A761A38A1BC00D2193B /* Debug */,
				70AC2A771A38A1BC00D2193B /* Release */,
			);
			defaultConfigurationIsVisible = 0;
			defaultConfigurationName = Release;
		};
		70AC2A781A38A1BC00D2193B /* Build configuration list for PBXNativeTarget "TestAutoLayout3" */ = {
			isa = XCConfigurationList;
			buildConfigurations = (
				70AC2A791A38A1BC00D2193B /* Debug */,
				70AC2A7A1A38A1BC00D2193B /* Release */,
			);
			defaultConfigurationIsVisible = 0;
			defaultConfigurationName = Release;
		};
		70AC2A7B1A38A1BC00D2193B /* Build configuration list for PBXNativeTarget "TestAutoLayout3Tests" */ = {
			isa = XCConfigurationList;
			buildConfigurations = (
				70AC2A7C1A38A1BC00D2193B /* Debug */,
				70AC2A7D1A38A1BC00D2193B /* Release */,
			);
			defaultConfigurationIsVisible = 0;
			defaultConfigurationName = Release;
		};
/* End XCConfigurationList section */

/* Begin XCVersionGroup section */
		70AC2A5D1A38A1BC00D2193B /* TestAutoLayout3.xcdatamodeld */ = {
			isa = XCVersionGroup;
			children = (
				70AC2A5E1A38A1BC00D2193B /* TestAutoLayout3.xcdatamodel */,
			);
			currentVersion = 70AC2A5E1A38A1BC00D2193B /* TestAutoLayout3.xcdatamodel */;
			path = TestAutoLayout3.xcdatamodeld;
			sourceTree = "<group>";
			versionGroupType = wrapper.xcdatamodel;
		};
/* End XCVersionGroup section */
	};
	rootObject = 70AC2A4E1A38A1BC00D2193B /* Project object */;
}
